
Microsoft Visual Studio Solution File, Format Version 12.00
# Visual Studio Version 17
VisualStudioVersion = 17.4.33205.214
MinimumVisualStudioVersion = 10.0.40219.1
Project("{FAE04EC0-301F-11D3-BF4B-00C04F79EFBC}") = "CenericsIntro", "CenericsIntro\CenericsIntro.csproj", "{97419E88-FED3-462F-8A27-A7FAED7E931D}"
EndProject
Global
	GlobalSection(SolutionConfigurationPlatforms) = preSolution
		Debug|Any CPU = Debug|Any CPU
		Release|Any CPU = Release|Any CPU
	EndGlobalSection
	GlobalSection(ProjectConfigurationPlatforms) = postSolution
		{97419E88-FED3-462F-8A27-A7FAED7E931D}.Debug|Any CPU.ActiveCfg = Debug|Any CPU
		{97419E88-FED3-462F-8A27-A7FAED7E931D}.Debug|Any CPU.Build.0 = Debug|Any CPU
		{97419E88-FED3-462F-8A27-A7FAED7E931D}.Release|Any CPU.ActiveCfg = Release|Any CPU
		{97419E88-FED3-462F-8A27-A7FAED7E931D}.Release|Any CPU.Build.0 = Release|Any CPU
	EndGlobalSection
	GlobalSection(SolutionProperties) = preSolution
		HideSolutionNode = FALSE
	EndGlobalSection
	GlobalSection(ExtensibilityGlobals) = postSolution
		SolutionGuid = {F328A5F0-481E-4412-BF01-72E94F146F9E}
	EndGlobalSection
EndGlobal
